<?xml version="1.0" encoding="utf-8"?>
<!--
xmake version 3.0.5+HEAD.f20295f25

  This file is auto generated by xmake.

  Please DO NOT EDIT since all your modification will lost after re-generation.
  See https://github.com/xmake-io/xmake/pull/472 for more infomation.
-->
<Project ToolsVersion="4.0" xmlns="http://schemas.microsoft.com/developer/msbuild/2003">
  <ItemGroup>
    <Filter Include="Properties">
      <UniqueIdentifier>{CC7C6180-942D-056E-3227-E6A2B3FB19CD}</UniqueIdentifier>
    </Filter>
    <Filter Include="Core">
      <UniqueIdentifier>{69FAA792-C2C7-4B7D-8AAF-F84E1D1B216E}</UniqueIdentifier>
    </Filter>
    <Filter Include="Core\src">
      <UniqueIdentifier>{79D9C691-A847-42B0-A4EA-ECB38BDB6BB6}</UniqueIdentifier>
    </Filter>

  </ItemGroup>
  <ItemGroup>
    <None Include="$(MSBuildProjectDirectory)\Xmake.Custom.props">
      <Filter>Properties</Filter>
    </None>
    <None Include="$(MSBuildProjectDirectory)\Xmake.Custom.targets">
      <Filter>Properties</Filter>
    </None>
    <None Include="$(MSBuildProjectDirectory)\Xmake.Custom.items">
      <Filter>Properties</Filter>
    </None>
    <None Include="$(MSBuildProjectDirectory)\Xmake.Custom.items.filters">
      <Filter>Properties</Filter>
    </None>
    <None Include="$(XmakeScriptDir)\xmake.lua">
      <Filter>Properties</Filter>
    </None>
  </ItemGroup>
  <ItemGroup>
    <ClInclude Include="$(XmakeProjectDir)\Core\src\Components.h">
      <Filter>Core\src</Filter>
    </ClInclude>
    <ClInclude Include="$(XmakeProjectDir)\Core\src\Core.h">
      <Filter>Core\src</Filter>
    </ClInclude>
    <ClInclude Include="$(XmakeProjectDir)\Core\src\ECSTypes.h">
      <Filter>Core\src</Filter>
    </ClInclude>
    <ClInclude Include="$(XmakeProjectDir)\Core\src\Entity.h">
      <Filter>Core\src</Filter>
    </ClInclude>
    <ClInclude Include="$(XmakeProjectDir)\Core\src\EntityManager.h">
      <Filter>Core\src</Filter>
    </ClInclude>
    <ClInclude Include="$(XmakeProjectDir)\Core\src\Registry.h">
      <Filter>Core\src</Filter>
    </ClInclude>
    <ClInclude Include="$(XmakeProjectDir)\Core\src\Scene.h">
      <Filter>Core\src</Filter>
    </ClInclude>
    <ClInclude Include="$(XmakeProjectDir)\Core\src\SparseSet.h">
      <Filter>Core\src</Filter>
    </ClInclude>


  </ItemGroup>
  <ItemGroup>

    <ClCompile Include="$(XmakeProjectDir)\Core\src\Core.cpp">
      <Filter>Core\src</Filter>
    </ClCompile>
    <ClCompile Include="$(XmakeProjectDir)\Core\src\Entity.cpp">
      <Filter>Core\src</Filter>
    </ClCompile>
    <ClCompile Include="$(XmakeProjectDir)\Core\src\EntityManager.cpp">
      <Filter>Core\src</Filter>
    </ClCompile>
    <ClCompile Include="$(XmakeProjectDir)\Core\src\Registry.cpp">
      <Filter>Core\src</Filter>
    </ClCompile>
    <ClCompile Include="$(XmakeProjectDir)\Core\src\Scene.cpp">
      <Filter>Core\src</Filter>
    </ClCompile>
    <ClCompile Include="$(XmakeProjectDir)\Core\src\SparseSet.cpp">
      <Filter>Core\src</Filter>
    </ClCompile>



  </ItemGroup>
  <ItemGroup>

  </ItemGroup>
  <ItemGroup>




  </ItemGroup>
  <Import Condition="Exists('$(MSBuildThisFileDirectory)\Xmake.Custom.files.filters')"
    Project="$(MSBuildThisFileDirectory)\Xmake.Custom.files.filters" />
</Project>
